
Microsoft Visual Studio Solution File, Format Version 12.00
# Visual Studio Version 17
VisualStudioVersion = 17.6.33829.357
MinimumVisualStudioVersion = 10.0.40219.1
Project("{FAE04EC0-301F-11D3-BF4B-00C04F79EFBC}") = "Smoothboard", "Smoothboard\Smoothboard.csproj", "{D44A0DFE-CC75-4704-961F-3A8465E8FF94}"
EndProject
Global
	GlobalSection(SolutionConfigurationPlatforms) = preSolution
		Debug|Any CPU = Debug|Any CPU
		Release|Any CPU = Release|Any CPU
	EndGlobalSection
	GlobalSection(ProjectConfigurationPlatforms) = postSolution
		{D44A0DFE-CC75-4704-961F-3A8465E8FF94}.Debug|Any CPU.ActiveCfg = Debug|Any CPU
		{D44A0DFE-CC75-4704-961F-3A8465E8FF94}.Debug|Any CPU.Build.0 = Debug|Any CPU
		{D44A0DFE-CC75-4704-961F-3A8465E8FF94}.Release|Any CPU.ActiveCfg = Release|Any CPU
		{D44A0DFE-CC75-4704-961F-3A8465E8FF94}.Release|Any CPU.Build.0 = Release|Any CPU
	EndGlobalSection
	GlobalSection(SolutionProperties) = preSolution
		HideSolutionNode = FALSE
	EndGlobalSection
	GlobalSection(ExtensibilityGlobals) = postSolution
		SolutionGuid = {7160223B-708F-480F-AC0A-1374A9D9BEDB}
	EndGlobalSection
EndGlobal
